
Microsoft Visual Studio Solution File, Format Version 12.00
# Visual Studio Version 17
VisualStudioVersion = 17.5.002.0
MinimumVisualStudioVersion = 10.0.40219.1
Project("{9A19103F-16F7-4668-BE54-9A1E7A4F7556}") = "ticket-api", "ticket-api.csproj", "{613C8E38-DAC8-4269-86E7-B2B4E3B2C4D1}"
EndProject
Global
	GlobalSection(SolutionConfigurationPlatforms) = preSolution
		Debug|Any CPU = Debug|Any CPU
		Release|Any CPU = Release|Any CPU
	EndGlobalSection
	GlobalSection(ProjectConfigurationPlatforms) = postSolution
		{613C8E38-DAC8-4269-86E7-B2B4E3B2C4D1}.Debug|Any CPU.ActiveCfg = Debug|Any CPU
		{613C8E38-DAC8-4269-86E7-B2B4E3B2C4D1}.Debug|Any CPU.Build.0 = Debug|Any CPU
		{613C8E38-DAC8-4269-86E7-B2B4E3B2C4D1}.Release|Any CPU.ActiveCfg = Release|Any CPU
		{613C8E38-DAC8-4269-86E7-B2B4E3B2C4D1}.Release|Any CPU.Build.0 = Release|Any CPU
	EndGlobalSection
	GlobalSection(SolutionProperties) = preSolution
		HideSolutionNode = FALSE
	EndGlobalSection
	GlobalSection(ExtensibilityGlobals) = postSolution
		SolutionGuid = {C0D1E648-7667-4A6D-A357-15427F9C0270}
	EndGlobalSection
EndGlobal
